
Microsoft Visual Studio Solution File, Format Version 12.00
Project("{2150E333-8FDC-42A3-9474-1A3956D46DE8}") = "fizzbuzz", "fizzbuzz", "{F3B5E0A5-17CE-4C44-9A6B-5D9BB4BC76E2}"
EndProject
Project("{FAE04EC0-301F-11D3-BF4B-00C04F79EFBC}") = "FizzbuzzApp", "FizzbuzzApp\FizzbuzzApp.csproj", "{D59C02FC-D820-4FFF-AC85-7C86110565C8}"
EndProject
Project("{FAE04EC0-301F-11D3-BF4B-00C04F79EFBC}") = "FizzbuzzTest", "FizzbuzzTest\FizzbuzzTest.csproj", "{846982D7-373F-42F1-B5EE-026DDF9D29C3}"
EndProject
Project("{2150E333-8FDC-42A3-9474-1A3956D46DE8}") = "string-calculator", "string-calculator", "{C273856F-AC41-44E6-ACA3-25BEB33C2064}"
EndProject
Project("{FAE04EC0-301F-11D3-BF4B-00C04F79EFBC}") = "StringCalculatorApp", "StringCalculatorApp\StringCalculatorApp.csproj", "{156BB90A-A135-4795-B6AB-23D8E5FAB28E}"
EndProject
Project("{FAE04EC0-301F-11D3-BF4B-00C04F79EFBC}") = "StringCalculatorTest", "StringCalculatorTest\StringCalculatorTest.csproj", "{EDBD23E0-14E6-4145-84FC-54456D66D3A6}"
EndProject
Project("{2150E333-8FDC-42A3-9474-1A3956D46DE8}") = "tic-tac-toe", "tic-tac-toe", "{671CDE7E-3E6E-4DC6-AA8A-C6C9AD71688C}"
EndProject
Project("{FAE04EC0-301F-11D3-BF4B-00C04F79EFBC}") = "TictactoeTest", "TictactoeTest\TictactoeTest.csproj", "{F86F620E-8DFC-4CF2-ABA3-8B6CEEB3CAA1}"
EndProject
Project("{FAE04EC0-301F-11D3-BF4B-00C04F79EFBC}") = "TictactoeApp", "TictactoeApp\TictactoeApp.csproj", "{E3A85061-A1C1-4C55-977B-D04319CED67E}"
EndProject
Project("{2150E333-8FDC-42A3-9474-1A3956D46DE8}") = "blackjack", "blackjack", "{92AD09B5-1310-4F02-B3F9-009693F1D3AE}"
EndProject
Project("{FAE04EC0-301F-11D3-BF4B-00C04F79EFBC}") = "BlackjackApp", "BlackjackApp\BlackjackApp.csproj", "{906C363D-9BDF-47E2-935C-33485AD0BCC1}"
EndProject
Project("{FAE04EC0-301F-11D3-BF4B-00C04F79EFBC}") = "BlackjackTests", "BlackjackTests\BlackjackTests.csproj", "{8097FC32-DF8D-4DE3-9D5A-2D8FFB643CA5}"
EndProject
Project("{FAE04EC0-301F-11D3-BF4B-00C04F79EFBC}") = "Pangram", "Pangram\Pangram.csproj", "{6E6B3C01-85D3-439D-90DD-C761EE04C91A}"
EndProject
Project("{FAE04EC0-301F-11D3-BF4B-00C04F79EFBC}") = "Acronym", "Acronym\Acronym.csproj", "{A7461774-2327-4A08-893C-0507E3E08E10}"
EndProject
Project("{FAE04EC0-301F-11D3-BF4B-00C04F79EFBC}") = "SpaceAge", "SpaceAge\SpaceAge.csproj", "{436939E3-A6F1-4B5A-A2E5-0FF30CE1E4CD}"
EndProject
Project("{FAE04EC0-301F-11D3-BF4B-00C04F79EFBC}") = "ABC", "ABC\ABC.csproj", "{D10063C8-F410-4A9F-B7A3-579E3A96C42A}"
EndProject
Global
	GlobalSection(SolutionConfigurationPlatforms) = preSolution
		Debug|Any CPU = Debug|Any CPU
		Release|Any CPU = Release|Any CPU
	EndGlobalSection
	GlobalSection(NestedProjects) = preSolution
		{D59C02FC-D820-4FFF-AC85-7C86110565C8} = {F3B5E0A5-17CE-4C44-9A6B-5D9BB4BC76E2}
		{846982D7-373F-42F1-B5EE-026DDF9D29C3} = {F3B5E0A5-17CE-4C44-9A6B-5D9BB4BC76E2}
		{156BB90A-A135-4795-B6AB-23D8E5FAB28E} = {C273856F-AC41-44E6-ACA3-25BEB33C2064}
		{EDBD23E0-14E6-4145-84FC-54456D66D3A6} = {C273856F-AC41-44E6-ACA3-25BEB33C2064}
		{F86F620E-8DFC-4CF2-ABA3-8B6CEEB3CAA1} = {671CDE7E-3E6E-4DC6-AA8A-C6C9AD71688C}
		{E3A85061-A1C1-4C55-977B-D04319CED67E} = {671CDE7E-3E6E-4DC6-AA8A-C6C9AD71688C}
		{906C363D-9BDF-47E2-935C-33485AD0BCC1} = {92AD09B5-1310-4F02-B3F9-009693F1D3AE}
		{8097FC32-DF8D-4DE3-9D5A-2D8FFB643CA5} = {92AD09B5-1310-4F02-B3F9-009693F1D3AE}
	EndGlobalSection
	GlobalSection(ProjectConfigurationPlatforms) = postSolution
		{D59C02FC-D820-4FFF-AC85-7C86110565C8}.Debug|Any CPU.ActiveCfg = Debug|Any CPU
		{D59C02FC-D820-4FFF-AC85-7C86110565C8}.Debug|Any CPU.Build.0 = Debug|Any CPU
		{D59C02FC-D820-4FFF-AC85-7C86110565C8}.Release|Any CPU.ActiveCfg = Release|Any CPU
		{D59C02FC-D820-4FFF-AC85-7C86110565C8}.Release|Any CPU.Build.0 = Release|Any CPU
		{846982D7-373F-42F1-B5EE-026DDF9D29C3}.Debug|Any CPU.ActiveCfg = Debug|Any CPU
		{846982D7-373F-42F1-B5EE-026DDF9D29C3}.Debug|Any CPU.Build.0 = Debug|Any CPU
		{846982D7-373F-42F1-B5EE-026DDF9D29C3}.Release|Any CPU.ActiveCfg = Release|Any CPU
		{846982D7-373F-42F1-B5EE-026DDF9D29C3}.Release|Any CPU.Build.0 = Release|Any CPU
		{156BB90A-A135-4795-B6AB-23D8E5FAB28E}.Debug|Any CPU.ActiveCfg = Debug|Any CPU
		{156BB90A-A135-4795-B6AB-23D8E5FAB28E}.Debug|Any CPU.Build.0 = Debug|Any CPU
		{156BB90A-A135-4795-B6AB-23D8E5FAB28E}.Release|Any CPU.ActiveCfg = Release|Any CPU
		{156BB90A-A135-4795-B6AB-23D8E5FAB28E}.Release|Any CPU.Build.0 = Release|Any CPU
		{EDBD23E0-14E6-4145-84FC-54456D66D3A6}.Debug|Any CPU.ActiveCfg = Debug|Any CPU
		{EDBD23E0-14E6-4145-84FC-54456D66D3A6}.Debug|Any CPU.Build.0 = Debug|Any CPU
		{EDBD23E0-14E6-4145-84FC-54456D66D3A6}.Release|Any CPU.ActiveCfg = Release|Any CPU
		{EDBD23E0-14E6-4145-84FC-54456D66D3A6}.Release|Any CPU.Build.0 = Release|Any CPU
		{F86F620E-8DFC-4CF2-ABA3-8B6CEEB3CAA1}.Debug|Any CPU.ActiveCfg = Debug|Any CPU
		{F86F620E-8DFC-4CF2-ABA3-8B6CEEB3CAA1}.Debug|Any CPU.Build.0 = Debug|Any CPU
		{F86F620E-8DFC-4CF2-ABA3-8B6CEEB3CAA1}.Release|Any CPU.ActiveCfg = Release|Any CPU
		{F86F620E-8DFC-4CF2-ABA3-8B6CEEB3CAA1}.Release|Any CPU.Build.0 = Release|Any CPU
		{E3A85061-A1C1-4C55-977B-D04319CED67E}.Debug|Any CPU.ActiveCfg = Debug|Any CPU
		{E3A85061-A1C1-4C55-977B-D04319CED67E}.Debug|Any CPU.Build.0 = Debug|Any CPU
		{E3A85061-A1C1-4C55-977B-D04319CED67E}.Release|Any CPU.ActiveCfg = Release|Any CPU
		{E3A85061-A1C1-4C55-977B-D04319CED67E}.Release|Any CPU.Build.0 = Release|Any CPU
		{906C363D-9BDF-47E2-935C-33485AD0BCC1}.Debug|Any CPU.ActiveCfg = Debug|Any CPU
		{906C363D-9BDF-47E2-935C-33485AD0BCC1}.Debug|Any CPU.Build.0 = Debug|Any CPU
		{906C363D-9BDF-47E2-935C-33485AD0BCC1}.Release|Any CPU.ActiveCfg = Release|Any CPU
		{906C363D-9BDF-47E2-935C-33485AD0BCC1}.Release|Any CPU.Build.0 = Release|Any CPU
		{8097FC32-DF8D-4DE3-9D5A-2D8FFB643CA5}.Debug|Any CPU.ActiveCfg = Debug|Any CPU
		{8097FC32-DF8D-4DE3-9D5A-2D8FFB643CA5}.Debug|Any CPU.Build.0 = Debug|Any CPU
		{8097FC32-DF8D-4DE3-9D5A-2D8FFB643CA5}.Release|Any CPU.ActiveCfg = Release|Any CPU
		{8097FC32-DF8D-4DE3-9D5A-2D8FFB643CA5}.Release|Any CPU.Build.0 = Release|Any CPU
		{6E6B3C01-85D3-439D-90DD-C761EE04C91A}.Debug|Any CPU.ActiveCfg = Debug|Any CPU
		{6E6B3C01-85D3-439D-90DD-C761EE04C91A}.Debug|Any CPU.Build.0 = Debug|Any CPU
		{6E6B3C01-85D3-439D-90DD-C761EE04C91A}.Release|Any CPU.ActiveCfg = Release|Any CPU
		{6E6B3C01-85D3-439D-90DD-C761EE04C91A}.Release|Any CPU.Build.0 = Release|Any CPU
		{A7461774-2327-4A08-893C-0507E3E08E10}.Debug|Any CPU.ActiveCfg = Debug|Any CPU
		{A7461774-2327-4A08-893C-0507E3E08E10}.Debug|Any CPU.Build.0 = Debug|Any CPU
		{A7461774-2327-4A08-893C-0507E3E08E10}.Release|Any CPU.ActiveCfg = Release|Any CPU
		{A7461774-2327-4A08-893C-0507E3E08E10}.Release|Any CPU.Build.0 = Release|Any CPU
		{436939E3-A6F1-4B5A-A2E5-0FF30CE1E4CD}.Debug|Any CPU.ActiveCfg = Debug|Any CPU
		{436939E3-A6F1-4B5A-A2E5-0FF30CE1E4CD}.Debug|Any CPU.Build.0 = Debug|Any CPU
		{436939E3-A6F1-4B5A-A2E5-0FF30CE1E4CD}.Release|Any CPU.ActiveCfg = Release|Any CPU
		{436939E3-A6F1-4B5A-A2E5-0FF30CE1E4CD}.Release|Any CPU.Build.0 = Release|Any CPU
		{D10063C8-F410-4A9F-B7A3-579E3A96C42A}.Debug|Any CPU.ActiveCfg = Debug|Any CPU
		{D10063C8-F410-4A9F-B7A3-579E3A96C42A}.Debug|Any CPU.Build.0 = Debug|Any CPU
		{D10063C8-F410-4A9F-B7A3-579E3A96C42A}.Release|Any CPU.ActiveCfg = Release|Any CPU
		{D10063C8-F410-4A9F-B7A3-579E3A96C42A}.Release|Any CPU.Build.0 = Release|Any CPU
	EndGlobalSection
EndGlobal
